# This file is autogenerated, do not edit; changes may be undone by the next 'dep ensure'.


[[projects]]
  digest = "1:dd029f90457e0bc0fc4a549a241327bdcac1f2a36692041a19ef02aec4c36103"
  name = "cloud.google.com/go"
  packages = [
    "compute/metadata",
    "iam",
    "internal",
    "internal/optional",
    "internal/trace",
    "internal/version",
    "storage",
  ]
  pruneopts = ""
  revision = "74b12019e2aa53ec27882158f59192d7cd6d1998"
  version = "v0.33.1"

[[projects]]
  branch = "2.x"
  digest = "1:0e612616721a5da1f8597fe67f521aaaaf4decddd63ccd25aa4bff03468278d2"
  name = "github.com/Masterminds/semver"
  packages = ["."]
  pruneopts = ""
  revision = "3c92f33da7a84de8314f3ff82e5f919b89fd1492"

[[projects]]
  digest = "1:feba416f3ee4dff9898e111bf1c6e30caba339cf39e9f38e5c395d156ed19302"
  name = "github.com/Masterminds/vcs"
  packages = ["."]
  pruneopts = ""
  revision = "6f1c6d150500e452704e9863f68c2559f58616bf"
  version = "v1.12.0"

[[projects]]
  digest = "1:8e47871087b94913898333f37af26732faaab30cdb41571136cf7aec9921dae7"
  name = "github.com/PuerkitoBio/purell"
  packages = ["."]
  pruneopts = ""
  revision = "0bcb03f4b4d0a9428594752bd2a3b9aa0a9d4bd4"
  version = "v1.1.0"

[[projects]]
  branch = "master"
  digest = "1:331a419049c2be691e5ba1d24342fc77c7e767a80c666a18fd8a9f7b82419c1c"
  name = "github.com/PuerkitoBio/urlesc"
  packages = ["."]
  pruneopts = ""
  revision = "de5bf2ad457846296e2031421a34e2568e304e35"

[[projects]]
  digest = "1:fd7b5197ee54b40879b8adaccf480e7207e197a4f4491c12290e0575773367f7"
  name = "github.com/RangelReale/osin"
  packages = ["."]
  pruneopts = ""
  revision = "0f3357bb07e801ea62327872d19913969001dd7a"
  version = "v1.0.1"

[[projects]]
  branch = "master"
  digest = "1:c6aec1dfe065a5973f2ad8320aaf14e4edbb6f71e940db3baae562d2d39ffc1a"
  name = "github.com/TheThingsIndustries/mystique"
  packages = [
    "pkg/auth",
    "pkg/log",
    "pkg/net",
    "pkg/packet",
    "pkg/pending",
    "pkg/session",
    "pkg/subscription",
    "pkg/topic",
  ]
  pruneopts = ""
  revision = "f12a32cee6d6ba304b0b2dd6774653121a04690f"

[[projects]]
  digest = "1:0748e25390c9439df48b528c01816340065e7611f1060db09ed12bc3afd2ebe8"
  name = "github.com/TheThingsNetwork/go-cayenne-lib"
  packages = ["cayennelpp"]
  pruneopts = ""
  revision = "ba5c7ac69c198562633ee3ad4c90e16b4b12b88d"
  version = "v1.0.0"

[[projects]]
  digest = "1:5680f8c40e48f07cb77aece3165a866aaf8276305258b3b70db8ec7ad6ddb78d"
  name = "github.com/armon/go-radix"
  packages = ["."]
  pruneopts = ""
  revision = "1a2de0c21c94309923825da3df33a4381872c795"
  version = "v1.0.0"

[[projects]]
  digest = "1:e87defb8a4142d83af7d6d8cc020943734f425ae86338539fe4e270f00aeb653"
  name = "github.com/aws/aws-sdk-go"
  packages = [
    "aws",
    "aws/awserr",
    "aws/awsutil",
    "aws/client",
    "aws/client/metadata",
    "aws/corehandlers",
    "aws/credentials",
    "aws/credentials/ec2rolecreds",
    "aws/credentials/endpointcreds",
    "aws/credentials/stscreds",
    "aws/csm",
    "aws/defaults",
    "aws/ec2metadata",
    "aws/endpoints",
    "aws/request",
    "aws/session",
    "aws/signer/v4",
    "internal/ini",
    "internal/s3err",
    "internal/sdkio",
    "internal/sdkrand",
    "internal/sdkuri",
    "internal/shareddefaults",
    "private/protocol",
    "private/protocol/eventstream",
    "private/protocol/eventstream/eventstreamapi",
    "private/protocol/query",
    "private/protocol/query/queryutil",
    "private/protocol/rest",
    "private/protocol/restxml",
    "private/protocol/xml/xmlutil",
    "service/s3",
    "service/s3/s3iface",
    "service/s3/s3manager",
    "service/sts",
  ]
  pruneopts = ""
  revision = "89734ade0df0a4a437cbf4aa9c14e17daf37c5ac"
  version = "v1.15.86"

[[projects]]
  branch = "master"
  digest = "1:c0bec5f9b98d0bc872ff5e834fac186b807b656683bd29cb82fb207a1513fabb"
  name = "github.com/beorn7/perks"
  packages = ["quantile"]
  pruneopts = ""
  revision = "3a771d992973f24aa725d07868b467d1ddfceafb"

[[projects]]
  digest = "1:79421244ba5848aae4b0a5c41e633a04e4894cb0b164a219dc8c15ec7facb7f1"
  name = "github.com/blang/semver"
  packages = ["."]
  pruneopts = ""
  revision = "2ee87856327ba09384cabd113bc6b5d174e9ec0f"
  version = "v3.5.1"

[[projects]]
  digest = "1:ed112122ed4a920d944cc99b9d00b0441c11685939c28462c719488d36fe29aa"
  name = "github.com/boltdb/bolt"
  packages = ["."]
  pruneopts = ""
  revision = "2f1ce7a837dcb8da3ec595b1dac9d0632f0f99e8"
  version = "v1.3.1"

[[projects]]
  digest = "1:8722889ad027febfced94665914d1e7be8f1b703d31f2ef9461c59e4d40fe974"
  name = "github.com/certifi/gocertifi"
  packages = ["."]
  pruneopts = ""
  revision = "deb3ae2ef2610fde3330947281941c562861188b"
  version = "2018.01.18"

[[projects]]
  digest = "1:6098222470fe0172157ce9bbef5d2200df4edde17ee649c5d6e48330e4afa4c6"
  name = "github.com/dgrijalva/jwt-go"
  packages = ["."]
  pruneopts = ""
  revision = "06ea1031745cb8b3dab3f6a236daf2b0aa468b7e"
  version = "v3.2.0"

[[projects]]
  digest = "1:1edcb8e554be820ed5767bf936a933f692043a0e60b29a9a1d43f8594a6124d9"
  name = "github.com/disintegration/imaging"
  packages = ["."]
  pruneopts = ""
  revision = "0bd5694c78c9c3d9a3cd06a706a8f3c59296a9ac"
  version = "v1.5.0"

[[projects]]
  digest = "1:3fa846cb3feb4e65371fe3c347c299de9b5bc3e71e256c0d940cd19b767a6ba0"
  name = "github.com/eclipse/paho.mqtt.golang"
  packages = [
    ".",
    "packets",
  ]
  pruneopts = ""
  revision = "36d01c2b4cbeb3d2a12063e4880ce30800af9560"
  version = "v1.1.1"

[[projects]]
  digest = "1:eb53021a8aa3f599d29c7102e65026242bdedce998a54837dc67f14b6a97c5fd"
  name = "github.com/fsnotify/fsnotify"
  packages = ["."]
  pruneopts = ""
  revision = "c2828203cd70a50dcccfb2761f8b1f8ceef9a8e9"
  version = "v1.4.7"

[[projects]]
  branch = "master"
  digest = "1:40548207236a3c3d02b4dae094f5901d662a792e015948287dc3e9ea1bd50674"
  name = "github.com/getsentry/raven-go"
  packages = ["."]
  pruneopts = ""
  revision = "f04e7487e9a6b9d9837d52743fb5f40576c56411"

[[projects]]
  digest = "1:850884b1b8513e0a9495860edfb8a7cd5d06f6cc3f48e388f0775087f6526d4e"
  name = "github.com/go-mail/mail"
  packages = ["."]
  pruneopts = ""
  revision = "f59b9b83a4e522098e3d3eb94e6f81850ad6e973"
  version = "v2.3.1"

[[projects]]
  branch = "master"
  digest = "1:a87c4cf59f297af94a17c8c1c166af840bf954ba087d9c662a0e72e6b37123c7"
  name = "github.com/go-redis/redis"
  packages = [
    ".",
    "internal",
    "internal/consistenthash",
    "internal/hashtag",
    "internal/pool",
    "internal/proto",
    "internal/singleflight",
    "internal/util",
  ]
  pruneopts = ""
  revision = "45a00fd91abb111b4dd9cced7769d584d621ce2d"

[[projects]]
  digest = "1:9ab1b1c637d7c8f49e39d8538a650d7eb2137b076790cff69d160823b505964c"
  name = "github.com/gobwas/glob"
  packages = [
    ".",
    "compiler",
    "match",
    "syntax",
    "syntax/ast",
    "syntax/lexer",
    "util/runes",
    "util/strings",
  ]
  pruneopts = ""
  revision = "5ccd90ef52e1e632236f7326478d4faa74f99438"
  version = "v0.2.3"

[[projects]]
  digest = "1:6e73003ecd35f4487a5e88270d3ca0a81bc80dc88053ac7e4dcfec5fba30d918"
  name = "github.com/gogo/protobuf"
  packages = [
    "gogoproto",
    "jsonpb",
    "proto",
    "protoc-gen-gogo/descriptor",
    "sortkeys",
    "types",
  ]
  pruneopts = ""
  revision = "636bf0302bc95575d69441b25a2603156ffdddf1"
  version = "v1.1.1"

[[projects]]
  digest = "1:86384944152bd08c9e30c8f21447276b8b0e52800e88aefe54ff86ae033bf586"
  name = "github.com/golang/dep"
  packages = [
    ".",
    "gps",
    "gps/internal/pb",
    "gps/paths",
    "gps/pkgtree",
    "gps/verify",
    "internal/fs",
  ]
  pruneopts = ""
  revision = "224a564abe296670b692fe08bb63a3e4c4ad7978"
  version = "v0.5.0"

[[projects]]
  digest = "1:3dd078fda7500c341bc26cfbc6c6a34614f295a2457149fc1045cab767cbcf18"
  name = "github.com/golang/protobuf"
  packages = [
    "jsonpb",
    "proto",
    "protoc-gen-go/descriptor",
    "protoc-gen-go/generator",
    "protoc-gen-go/generator/internal/remap",
    "protoc-gen-go/plugin",
    "ptypes",
    "ptypes/any",
    "ptypes/duration",
    "ptypes/empty",
    "ptypes/struct",
    "ptypes/timestamp",
    "ptypes/wrappers",
  ]
  pruneopts = ""
  revision = "aa810b61a9c79d51363740d207bb46cf8e620ed5"

[[projects]]
  digest = "1:bc3b81668de7cd144959113c8c6c4ff03a8130b0995ded71d7e5c6d9923906aa"
  name = "github.com/google/go-cloud"
  packages = [
    "blob",
    "blob/driver",
    "blob/fileblob",
    "blob/gcsblob",
    "blob/s3blob",
    "gcp",
    "wire",
  ]
  pruneopts = ""
  revision = "1929e0c4fa0bd3defff57736e5f821d9983aad91"
  version = "v0.6.0"

[[projects]]
  digest = "1:a25a2c5ae694b01713fb6cd03c3b1ac1ccc1902b9f0a922680a88ec254f968e1"
  name = "github.com/google/uuid"
  packages = ["."]
  pruneopts = ""
  revision = "9b3b1e0f5f99ae461456d768e7d301a7acdaa2d8"
  version = "v1.1.0"

[[projects]]
  digest = "1:463579773f7f97e3a97ae6fb32abc90c03493e903a11c756a588bed06d0535e2"
  name = "github.com/googleapis/gax-go"
  packages = ["."]
  pruneopts = ""
  revision = "b001040cd31805261cbd978842099e326dfa857b"
  version = "v2.0.2"

[[projects]]
  digest = "1:51a1d17ba9fe6648d9fdd5b822baa616d6ec7f28c8669c2091126d206796b5ae"
  name = "github.com/gorilla/securecookie"
  packages = ["."]
  pruneopts = ""
  revision = "e59506cc896acb7f7bf732d4fdf5e25f7ccd8983"
  version = "v1.1.1"

[[projects]]
  branch = "master"
  digest = "1:246e6fc122624ad4038ac57ee4e0410bc8287d4f003040ee54cb0fbe3e69ac47"
  name = "github.com/gotnospirit/makeplural"
  packages = ["plural"]
  pruneopts = ""
  revision = "a5f48d94d976801ab2251014c9a626d1c86d7e22"

[[projects]]
  branch = "master"
  digest = "1:e5a966a27c58b7aed90ee870d5dbd693018cbad1e2cd2ae0237ef8edb18edf5f"
  name = "github.com/gotnospirit/messageformat"
  packages = ["."]
  pruneopts = ""
  revision = "0eab1176a3fbc4757b7c2edea757c750820cf32e"

[[projects]]
  branch = "master"
  digest = "1:5e345eb75d8bfb2b91cfbfe02a82a79c0b2ea55cf06c5a4d180a9321f36973b4"
  name = "github.com/gregjones/httpcache"
  packages = ["."]
  pruneopts = ""
  revision = "c63ab54fda8f77302f8d414e19933f2b6026a089"

[[projects]]
  branch = "master"
  digest = "1:5a7ff2c0ee73952b5f469f742ec39fc3aa1e3c4952e77c68aedae5984c45708a"
  name = "github.com/grpc-ecosystem/go-grpc-middleware"
  packages = [
    ".",
    "logging",
    "recovery",
    "tags",
  ]
  pruneopts = ""
  revision = "3304cc8863525cd0b328fbfd5bf745bbd38e7106"

[[projects]]
  branch = "master"
  digest = "1:8d90bab8af001cc03bb2aac86126cdb76fe0f86b6edd328d3de84bc429ab6ca7"
  name = "github.com/grpc-ecosystem/go-grpc-prometheus"
  packages = ["."]
  pruneopts = ""
  revision = "68e3a13e41175110a447e67246a59873d6aca902"

[[projects]]
  branch = "release-1.6.2"
  digest = "1:0caa8a1f126d1561e99cc142c9719f99ed7214f68afb8f5ec4ed62d4c807e79f"
  name = "github.com/grpc-ecosystem/grpc-gateway"
  packages = [
    "runtime",
    "runtime/internal",
    "utilities",
  ]
  pruneopts = ""
  revision = "211508d3035bfad629363e274f4427aff3c40a05"
  source = "github.com/TheThingsIndustries/grpc-gateway"

[[projects]]
  digest = "1:d14365c51dd1d34d5c79833ec91413bfbb166be978724f15701e17080dc06dec"
  name = "github.com/hashicorp/hcl"
  packages = [
    ".",
    "hcl/ast",
    "hcl/parser",
    "hcl/printer",
    "hcl/scanner",
    "hcl/strconv",
    "hcl/token",
    "json/parser",
    "json/scanner",
    "json/token",
  ]
  pruneopts = ""
  revision = "8cb6e5b959231cc1119e43259c4a608f9c51a241"
  version = "v1.0.0"

[[projects]]
  branch = "master"
  digest = "1:f81c8d7354cc0c6340f2f7a48724ee6c2b3db3e918ecd441c985b4d2d97dd3e7"
  name = "github.com/howeyc/gopass"
  packages = ["."]
  pruneopts = ""
  revision = "bf9dde6d0d2c004a008c27aaee91170c786f6db8"

[[projects]]
  digest = "1:870d441fe217b8e689d7949fef6e43efbc787e50f200cb1e70dbca9204a1d6be"
  name = "github.com/inconshreveable/mousetrap"
  packages = ["."]
  pruneopts = ""
  revision = "76626ae9c91c4f2a10f34cad8ce83ea42c93bb75"
  version = "v1.0"

[[projects]]
  branch = "master"
  digest = "1:d8b48d1941f06ed91371d0f00378d2487e70febcebada831d031b32da07e7a1b"
  name = "github.com/jacobsa/crypto"
  packages = [
    "cmac",
    "common",
  ]
  pruneopts = ""
  revision = "d95898ceee0769dac9bf74c46f8f68d3d3d79100"

[[projects]]
  branch = "master"
  digest = "1:d90c6c1d8c3a177b31271aa2166f1a31ccb488f261264527e88c34fa6d9b6fc3"
  name = "github.com/jaytaylor/html2text"
  packages = ["."]
  pruneopts = ""
  revision = "57d518f124b0cf46ea2021f25a01396b3522e6fb"

[[projects]]
  digest = "1:d269638dbd514822446c3c818b6389c880058af79ec54d97731818b34fe66921"
  name = "github.com/jinzhu/gorm"
  packages = [
    ".",
    "dialects/postgres",
  ]
  pruneopts = ""
  revision = "6ed508ec6a4ecb3531899a69cbc746ccf65a4166"
  version = "v1.9.1"

[[projects]]
  branch = "master"
  digest = "1:d9a7385b84d8187fd94e0357045c6fa1147ca94caa56fdd539336c7c102fc728"
  name = "github.com/jinzhu/inflection"
  packages = ["."]
  pruneopts = ""
  revision = "04140366298a54a039076d798123ffa108fff46c"

[[projects]]
  digest = "1:dc5126f78aa052ba39be47f4854a29683f29ab5064394646458f49b00bb0fc29"
  name = "github.com/jmank88/nuts"
  packages = ["."]
  pruneopts = ""
  revision = "8b28145dffc87104e66d074f62ea8080edfad7c8"
  version = "v0.3.0"

[[projects]]
  digest = "1:6f49eae0c1e5dab1dafafee34b207aeb7a42303105960944828c2079b92fc88e"
  name = "github.com/jmespath/go-jmespath"
  packages = ["."]
  pruneopts = ""
  revision = "0b12d6b5"

[[projects]]
  digest = "1:3108ec0946181c60040ff51b811908f89d03e521e2b4ade5ef5c65b3c0e911ae"
  name = "github.com/kr/pretty"
  packages = ["."]
  pruneopts = ""
  revision = "73f6ac0b30a98e433b289500d779f50c1a6f0712"
  version = "v0.1.0"

[[projects]]
  digest = "1:11b056b4421396ab14e384ab8ab8c2079b03f1e51aa5eb4d9b81f9e0d1aa8fbf"
  name = "github.com/kr/text"
  packages = ["."]
  pruneopts = ""
  revision = "e2ffdb16a802fe2bb95e2e35ff34f0e53aeef34f"
  version = "v0.1.0"

[[projects]]
  digest = "1:93ccea591e2831353980e9217eb5ec60052565c6fab3c497db8f74602af3fc86"
  name = "github.com/labstack/echo"
  packages = [
    ".",
    "middleware",
  ]
  pruneopts = ""
  revision = "c7eb8da9ec73e78c4f38413f3f835e0cd52c7d72"
  version = "v3.3.8"

[[projects]]
  digest = "1:44f403f58ba6ffcc60f0946169d02879dc79a4bf5a84d4215f5f7c6a5865f74b"
  name = "github.com/labstack/gommon"
  packages = [
    "bytes",
    "color",
    "log",
    "random",
  ]
  pruneopts = ""
  revision = "7fd9f68ece0bcb1a905fac8f1549f0083f71c51b"
  version = "v0.2.8"

[[projects]]
  digest = "1:29145d7af4adafd72a79df5e41456ac9e232d5a28c1cd4dacf3ff008a217fc10"
  name = "github.com/lib/pq"
  packages = [
    ".",
    "hstore",
    "oid",
  ]
  pruneopts = ""
  revision = "4ded0e9383f75c197b3a2aaa6d590ac52df6fd79"
  version = "v1.0.0"

[[projects]]
  digest = "1:961dc3b1d11f969370533390fdf203813162980c858e1dabe827b60940c909a5"
  name = "github.com/magiconair/properties"
  packages = ["."]
  pruneopts = ""
  revision = "c2353362d570a7bfa228149c62842019201cfb71"
  version = "v1.8.0"

[[projects]]
  digest = "1:9ea83adf8e96d6304f394d40436f2eb44c1dc3250d223b74088cc253a6cd0a1c"
  name = "github.com/mattn/go-colorable"
  packages = ["."]
  pruneopts = ""
  revision = "167de6bfdfba052fa6b2d3664c8f5272e23c9072"
  version = "v0.0.9"

[[projects]]
  digest = "1:3140e04675a6a91d2a20ea9d10bdadf6072085502e6def6768361260aee4b967"
  name = "github.com/mattn/go-isatty"
  packages = ["."]
  pruneopts = ""
  revision = "6ca4dbf54d38eea1a992b3c722a76a5d1c4cb25c"
  version = "v0.0.4"

[[projects]]
  digest = "1:82b912465c1da0668582a7d1117339c278e786c2536b3c3623029a0c7141c2d0"
  name = "github.com/mattn/go-runewidth"
  packages = ["."]
  pruneopts = ""
  revision = "ce7b0b5c7b45a81508558cd1dba6bb1e4ddb51bb"
  version = "v0.0.3"

[[projects]]
  digest = "1:63722a4b1e1717be7b98fc686e0b30d5e7f734b9e93d7dee86293b6deab7ea28"
  name = "github.com/matttproud/golang_protobuf_extensions"
  packages = ["pbutil"]
  pruneopts = ""
  revision = "c12348ce28de40eed0136aa2b644d0ee0650e56c"
  version = "v1.0.1"

[[projects]]
  digest = "1:bcc46a0fbd9e933087bef394871256b5c60269575bb661935874729c65bbbf60"
  name = "github.com/mitchellh/mapstructure"
  packages = ["."]
  pruneopts = ""
  revision = "3536a929edddb9a5b34bd6861dc4a9647cb459fe"
  version = "v1.1.2"

[[projects]]
  branch = "master"
  digest = "1:bdbab69b21c3c0409e24b3ec53a9bdf2c2dbc3d80bbe73e8d0c8ebc47f660e3d"
  name = "github.com/mohae/deepcopy"
  packages = ["."]
  pruneopts = ""
  revision = "c48cc78d482608239f6c4c92a4abd87eb8761c90"

[[projects]]
  branch = "master"
  digest = "1:5b03ac9ee9fbb8146951b90f0fb0021abeec183a2c0df5e619b76c663017e4e6"
  name = "github.com/mwitkow/go-proto-validators"
  packages = ["."]
  pruneopts = ""
  revision = "0950a79900071e9f3f5979b78078c599376422fd"

[[projects]]
  branch = "master"
  digest = "1:3adc46876d4d0e4d5bbcfcc44c2116b95d7a5c966e2ee92a219488547fd453f2"
  name = "github.com/nightlyone/lockfile"
  packages = ["."]
  pruneopts = ""
  revision = "0ad87eef1443f64d3d8c50da647e2b1552851124"

[[projects]]
  digest = "1:897c63c623dce2d2da94aeeb096c829b63b9feeb7f53f624cadce596e3893e01"
  name = "github.com/oklog/ulid"
  packages = ["."]
  pruneopts = ""
  revision = "02a8604050d8466dd915307496174adb9be4593a"
  version = "v1.3.1"

[[projects]]
  digest = "1:28a9131d18ac1b8761f41370e59b7e807148bbd24a926816233522fb64e593bf"
  name = "github.com/olekukonko/tablewriter"
  packages = ["."]
  pruneopts = ""
  revision = "e6d60cf7ba1f42d86d54cdf5508611c4aafb3970"
  version = "v0.0.1"

[[projects]]
  digest = "1:a5484d4fa43127138ae6e7b2299a6a52ae006c7f803d98d717f60abf3e97192e"
  name = "github.com/pborman/uuid"
  packages = ["."]
  pruneopts = ""
  revision = "adf5a7427709b9deb95d29d3fa8a2bf9cfd388f1"
  version = "v1.2"

[[projects]]
  digest = "1:894aef961c056b6d85d12bac890bf60c44e99b46292888bfa66caf529f804457"
  name = "github.com/pelletier/go-toml"
  packages = ["."]
  pruneopts = ""
  revision = "c01d1270ff3e442a8a57cddc1c92dc1138598194"
  version = "v1.2.0"

[[projects]]
  digest = "1:7365acd48986e205ccb8652cc746f09c8b7876030d53710ea6ef7d0bd0dcd7ca"
  name = "github.com/pkg/errors"
  packages = ["."]
  pruneopts = ""
  revision = "645ef00459ed84a119197bfb8d8205042c6df63d"
  version = "v0.8.0"

[[projects]]
  branch = "master"
  digest = "1:1bfe9cdcc4064d443dae242aa86aba25aeeec58bd7f0028682b2eef07870b7fa"
  name = "github.com/prometheus/client_golang"
  packages = [
    "prometheus",
    "prometheus/internal",
    "prometheus/promhttp",
  ]
  pruneopts = ""
  revision = "32b1bb4674c4db541df5b547bb1a325337522022"

[[projects]]
  branch = "master"
  digest = "1:185cf55b1f44a1bf243558901c3f06efa5c64ba62cfdcbb1bf7bbe8c3fb68561"
  name = "github.com/prometheus/client_model"
  packages = ["go"]
  pruneopts = ""
  revision = "5c3871d89910bfb32f5fcab2aa4b9ec68e65a99f"

[[projects]]
  branch = "master"
  digest = "1:3015ace839b82abfb015b6fc2aebf32f4a6a8c522defacd916552387948c22a8"
  name = "github.com/prometheus/common"
  packages = [
    "expfmt",
    "internal/bitbucket.org/ww/goautoneg",
    "model",
  ]
  pruneopts = ""
  revision = "4724e9255275ce38f7179b2478abeae4e28c904f"

[[projects]]
  branch = "master"
  digest = "1:c95f5abc4dcdacca3649e63324cb7280f85a04b463bbef1ffb3cb137c96b1ef0"
  name = "github.com/prometheus/procfs"
  packages = [
    ".",
    "internal/util",
    "nfs",
    "xfs",
  ]
  pruneopts = ""
  revision = "619930b0b4713cc1280189bf0a4c54b3fb506f60"

[[projects]]
  branch = "master"
  digest = "1:b786c23ae37ff71dc4beb36a90d42f029c169031e36eabbf89f181860d87224a"
  name = "github.com/robertkrimen/otto"
  packages = [
    ".",
    "ast",
    "dbg",
    "file",
    "parser",
    "registry",
    "token",
  ]
  pruneopts = ""
  revision = "6ddbbb60554aaa88b1c38a9f5518165bc1160bd7"
  source = "github.com/TheThingsIndustries/otto"

[[projects]]
  digest = "1:7f569d906bdd20d906b606415b7d794f798f91a62fcfb6a4daa6d50690fb7a3f"
  name = "github.com/satori/go.uuid"
  packages = ["."]
  pruneopts = ""
  revision = "f58768cc1a7a7e77a3bd49e98cdd21419399b6a3"
  version = "v1.2.0"

[[projects]]
  branch = "master"
  digest = "1:78c40a73ec84ec6be7665f27464ad8c85248174ce14322335f2f1b5c9a2361dc"
  name = "github.com/sdboyer/constext"
  packages = ["."]
  pruneopts = ""
  revision = "836a144573533ea4da4e6929c235fd348aed1c80"

[[projects]]
  digest = "1:f66a8bd3128df79a2648daea552403c5c66d841c7ae844d5d22b445afbdf0878"
  name = "github.com/sendgrid/rest"
  packages = ["."]
  pruneopts = ""
  revision = "306b9bef57dc36f3435ccfcc08fe6ae2c6920344"
  version = "v2.4.1"

[[projects]]
  digest = "1:f03d623f2a89d6a506655dc152c24f4d1eee449a8c335bfe229972bba4047fa5"
  name = "github.com/sendgrid/sendgrid-go"
  packages = [
    ".",
    "helpers/mail",
  ]
  pruneopts = ""
  revision = "8caf17aa96b4a98bae8bd216878dd50ff12897b5"
  version = "v3.4.1"

[[projects]]
  branch = "master"
  digest = "1:50610dfca21894fd6489e7ca6bfadf6808f632dc3e5383f25057a97896ed7539"
  name = "github.com/smartystreets/assertions"
  packages = [
    ".",
    "internal/go-render/render",
    "internal/oglematchers",
    "should",
  ]
  pruneopts = ""
  revision = "b2de0cb4f26d0705483a2f495d89896d0b808573"

[[projects]]
  digest = "1:022a4e2a8c327eb46a99088a51c0dda5d5be86928ace2afd72145dc1d746a323"
  name = "github.com/soheilhy/cmux"
  packages = ["."]
  pruneopts = ""
  revision = "e09e9389d85d8492d313d73d1469c029e710623f"
  version = "v0.1.4"

[[projects]]
  digest = "1:d0431c2fd72e39ee43ea7742322abbc200c3e704c9102c5c3c2e2e667095b0ca"
  name = "github.com/spf13/afero"
  packages = [
    ".",
    "mem",
  ]
  pruneopts = ""
  revision = "d40851caa0d747393da1ffb28f7f9d8b4eeffebd"
  version = "v1.1.2"

[[projects]]
  digest = "1:ae3493c780092be9d576a1f746ab967293ec165e8473425631f06658b6212afc"
  name = "github.com/spf13/cast"
  packages = ["."]
  pruneopts = ""
  revision = "8c9545af88b134710ab1cd196795e7f2388358d7"
  version = "v1.3.0"

[[projects]]
  branch = "master"
  digest = "1:4fee44c7b58eeb4983222754a06f04866e2030206104e7be998305dbfb482785"
  name = "github.com/spf13/cobra"
  packages = ["."]
  pruneopts = ""
  revision = "d2d81d9a96e23f0255397222bb0b4e3165e492dc"

[[projects]]
  digest = "1:9ceffa4ab5f7195ecf18b3a7fff90c837a9ed5e22e66d18069e4bccfe1f52aa0"
  name = "github.com/spf13/jwalterweatherman"
  packages = ["."]
  pruneopts = ""
  revision = "4a4406e478ca629068e7768fc33f3f044173c0a6"
  version = "v1.0.0"

[[projects]]
  branch = "master"
  digest = "1:5732b945677a2a2c47c8f687ff3d7e4e6ad92fcc5e679211dda560d9c582869c"
  name = "github.com/spf13/pflag"
  packages = ["."]
  pruneopts = ""
  revision = "aea12ed6721610dc6ed40141676d7ab0a1dac9e9"

[[projects]]
  branch = "master"
  digest = "1:25b71a41a39e7627e587c24f8567cc288d8df724f55e00e17c75488114c8ec33"
  name = "github.com/spf13/viper"
  packages = ["."]
  pruneopts = ""
  revision = "06c7c0d9b3c7cfca13deff6e353a052e08828ad4"

[[projects]]
  branch = "master"
  digest = "1:f1e3a889b271bb29598c04dc70a94ff66f674adbb862832b64fcb77bbf06b225"
  name = "github.com/ssor/bom"
  packages = ["."]
  pruneopts = ""
  revision = "6386211fdfcf24c0bfbdaceafd02849ed9a8a509"

[[projects]]
  digest = "1:857a9ecd5cb13379ecc8f798f6e6b6b574c98b9355657d91e068275f1120aaf7"
  name = "github.com/valyala/bytebufferpool"
  packages = ["."]
  pruneopts = ""
  revision = "e746df99fe4a3986f4d4f79e13c1e0117ce9c2f7"
  version = "v1.0.0"

[[projects]]
  branch = "master"
  digest = "1:bf6f8915c0338e875383cb7fdebd58a4d360a232f461d9a029d7ccb12f90c5d7"
  name = "github.com/valyala/fasttemplate"
  packages = ["."]
  pruneopts = ""
  revision = "dcecefd839c4193db0d35b88ec65b4c12d360ab0"

[[projects]]
  digest = "1:ad67dfd3799a2c58f6c65871dd141d8b53f61f600aec48ce8d7fa16a4d5476f8"
  name = "go.opencensus.io"
  packages = [
    ".",
    "exemplar",
    "exporter/prometheus",
    "internal",
    "internal/tagencoding",
    "plugin/ocgrpc",
    "plugin/ochttp",
    "plugin/ochttp/propagation/b3",
    "stats",
    "stats/internal",
    "stats/view",
    "tag",
    "trace",
    "trace/internal",
    "trace/propagation",
    "trace/tracestate",
  ]
  pruneopts = ""
  revision = "b7bf3cdb64150a8c8c53b769fdeb2ba581bd4d4b"
  version = "v0.18.0"

[[projects]]
  branch = "master"
  digest = "1:239fc236546aa57eef175958df5bc81b2f7ef0cbaf8a4ef80aeb2572c8792d8b"
  name = "go.thethings.network/lorawan-stack-legacy"
  packages = ["pkg/ttnpb"]
  pruneopts = ""
  revision = "85f7614eadb919a020d8917c0b9e257c8bfeb3e0"
  source = "github.com/TheThingsIndustries/lorawan-stack-legacy"

[[projects]]
  branch = "master"
  digest = "1:52cfc16d4fc39fd1d779c9b52e391c7b2a31537b722d38aa9cca0f33d88d62ef"
  name = "golang.org/x/crypto"
  packages = [
    "acme",
    "acme/autocert",
    "pbkdf2",
    "ssh/terminal",
  ]
  pruneopts = ""
  revision = "eb0de9b17e854e9b1ccd9963efafc79862359959"

[[projects]]
  branch = "master"
  digest = "1:5af73a1d89fa7bcb0f7f3e49c8d7d1f7b3da80430424b2a2055de414b779f31a"
  name = "golang.org/x/image"
  packages = [
    "bmp",
    "tiff",
    "tiff/lzw",
  ]
  pruneopts = ""
  revision = "cd38e8056d9b27bb2f265effa37fb0ea6b8a7f0f"

[[projects]]
  branch = "master"
  digest = "1:d71c074889d0f0067cd945265ea0aa8237c163f7901f0b74e66c210c462f423e"
  name = "golang.org/x/net"
  packages = [
    "context",
    "context/ctxhttp",
    "html",
    "html/atom",
    "http/httpguts",
    "http2",
    "http2/hpack",
    "idna",
    "internal/socks",
    "internal/timeseries",
    "proxy",
    "publicsuffix",
    "trace",
    "websocket",
  ]
  pruneopts = ""
  revision = "fae4c4e3ad76c295c3d6d259f898136b4bf833a8"

[[projects]]
  branch = "master"
  digest = "1:a00f221e88ad70a590024a29e3237595de80e2fd154b1c0822c871c9e02a6d14"
  name = "golang.org/x/oauth2"
  packages = [
    ".",
    "google",
    "internal",
    "jws",
    "jwt",
  ]
  pruneopts = ""
  revision = "28207608b83849a028d4f12e46533a6b6894ecaf"

[[projects]]
  branch = "master"
  digest = "1:88ecca26e54f601a8733c9a31d9f0883b915216a177673f0467f6b864fd0d90f"
  name = "golang.org/x/sync"
  packages = ["errgroup"]
  pruneopts = ""
  revision = "42b317875d0fa942474b76e1b46a6060d720ae6e"

[[projects]]
  branch = "master"
  digest = "1:f358024b019f87eecaadcb098113a40852c94fe58ea670ef3c3e2d2c7bd93db1"
  name = "golang.org/x/sys"
  packages = [
    "unix",
    "windows",
  ]
  pruneopts = ""
  revision = "4ed8d59d0b35e1e29334a206d1b3f38b1e5dfb31"

[[projects]]
  digest = "1:5acd3512b047305d49e8763eef7ba423901e85d5dd2fd1e71778a0ea8de10bd4"
  name = "golang.org/x/text"
  packages = [
    "collate",
    "collate/build",
    "internal/colltab",
    "internal/gen",
    "internal/tag",
    "internal/triegen",
    "internal/ucd",
    "language",
    "secure/bidirule",
    "transform",
    "unicode/bidi",
    "unicode/cldr",
    "unicode/norm",
    "unicode/rangetable",
    "width",
  ]
  pruneopts = ""
  revision = "f21a4dfb5e38f5895301dc265a8def02365cc3d0"
  version = "v0.3.0"

[[projects]]
  branch = "master"
  digest = "1:f59a704021f91ce467ed2ecbfffded18a9c291caeb8f376d73dec964e118e6fa"
  name = "google.golang.org/api"
  packages = [
    "gensupport",
    "googleapi",
    "googleapi/internal/uritemplates",
    "googleapi/transport",
    "internal",
    "iterator",
    "option",
    "storage/v1",
    "transport/http",
    "transport/http/internal/propagation",
  ]
  pruneopts = ""
  revision = "0a71a4356c3f4bcbdd16294c78ca2a31fda36cca"

[[projects]]
  digest = "1:77d3cff3a451d50be4b52db9c7766c0d8570ba47593f0c9dc72173adb208e788"
  name = "google.golang.org/appengine"
  packages = [
    ".",
    "internal",
    "internal/app_identity",
    "internal/base",
    "internal/datastore",
    "internal/log",
    "internal/modules",
    "internal/remote_api",
    "internal/urlfetch",
    "urlfetch",
  ]
  pruneopts = ""
  revision = "4a4468ece617fc8205e99368fa2200e9d1fad421"
  version = "v1.3.0"

[[projects]]
  digest = "1:3970150423e3f47a6d354b2868f7db632b665463755194aac1a30c4fb341be57"
  name = "google.golang.org/genproto"
  packages = [
    "googleapis/api/annotations",
    "googleapis/iam/v1",
    "googleapis/rpc/code",
    "googleapis/rpc/status",
    "protobuf/field_mask",
  ]
  pruneopts = ""
  revision = "383e8b2c3b9e36c4076b235b32537292176bae20"

[[projects]]
  digest = "1:1293087271e314cfa2b3decededba2ecba0ff327e7b7809e00f73f616449191c"
  name = "google.golang.org/grpc"
  packages = [
    ".",
    "balancer",
    "balancer/base",
    "balancer/roundrobin",
    "codes",
    "connectivity",
    "credentials",
    "encoding",
    "encoding/proto",
    "grpclog",
    "internal",
    "internal/backoff",
    "internal/channelz",
    "internal/envconfig",
    "internal/grpcrand",
    "internal/transport",
    "keepalive",
    "metadata",
    "naming",
    "peer",
    "resolver",
    "resolver/dns",
    "resolver/passthrough",
    "stats",
    "status",
    "tap",
  ]
  pruneopts = ""
  revision = "2e463a05d100327ca47ac218281906921038fd95"
  version = "v1.16.0"

[[projects]]
  branch = "v3"
  digest = "1:fa33d1dde8ce5b0b37c38c767c250a7684ecd385f9dbabe594ea8543e4d55807"
  name = "gopkg.in/alexcesaro/quotedprintable.v3"
  packages = ["."]
  pruneopts = ""
  revision = "2caba252f4dc53eaf6b553000885530023f54623"

[[projects]]
  branch = "v1"
  digest = "1:7ba21bde7e6271dc6d5c61b297ce5a225c040ec4bb92e02b2f74cb20a47c16bb"
  name = "gopkg.in/jarcoal/httpmock.v1"
  packages = ["."]
  pruneopts = ""
  revision = "275e9df93516fc27a998eca24c8f1cca277ce5bf"

[[projects]]
  digest = "1:be5b8bdf182abbef3c4e0d0926bba912ef41b097f001259cb5d2187370bb2e5b"
  name = "gopkg.in/sourcemap.v1"
  packages = [
    ".",
    "base64vlq",
  ]
  pruneopts = ""
  revision = "6e83acea0053641eff084973fee085f0c193c61a"
  version = "v1.0.5"

[[projects]]
  digest = "1:f0620375dd1f6251d9973b5f2596228cc8042e887cd7f827e4220bc1ce8c30e2"
  name = "gopkg.in/yaml.v2"
  packages = ["."]
  pruneopts = ""
  revision = "5420a8b6744d3b0345ab293f6fcba19c978f1183"
  version = "v2.2.1"

[solve-meta]
  analyzer-name = "dep"
  analyzer-version = 1
  input-imports = [
    "github.com/PuerkitoBio/purell",
    "github.com/RangelReale/osin",
    "github.com/TheThingsIndustries/mystique/pkg/auth",
    "github.com/TheThingsIndustries/mystique/pkg/log",
    "github.com/TheThingsIndustries/mystique/pkg/net",
    "github.com/TheThingsIndustries/mystique/pkg/packet",
    "github.com/TheThingsIndustries/mystique/pkg/session",
    "github.com/TheThingsIndustries/mystique/pkg/topic",
    "github.com/TheThingsNetwork/go-cayenne-lib/cayennelpp",
    "github.com/aws/aws-sdk-go/aws",
    "github.com/aws/aws-sdk-go/aws/credentials",
    "github.com/aws/aws-sdk-go/aws/session",
    "github.com/blang/semver",
    "github.com/disintegration/imaging",
    "github.com/eclipse/paho.mqtt.golang",
    "github.com/fsnotify/fsnotify",
    "github.com/getsentry/raven-go",
    "github.com/go-mail/mail",
    "github.com/go-redis/redis",
    "github.com/gobwas/glob",
    "github.com/gogo/protobuf/gogoproto",
    "github.com/gogo/protobuf/jsonpb",
    "github.com/gogo/protobuf/proto",
    "github.com/gogo/protobuf/sortkeys",
    "github.com/gogo/protobuf/types",
    "github.com/golang/dep",
    "github.com/golang/protobuf/proto",
    "github.com/golang/protobuf/ptypes/any",
    "github.com/golang/protobuf/ptypes/duration",
    "github.com/golang/protobuf/ptypes/empty",
    "github.com/golang/protobuf/ptypes/struct",
    "github.com/golang/protobuf/ptypes/timestamp",
    "github.com/google/go-cloud/blob",
    "github.com/google/go-cloud/blob/fileblob",
    "github.com/google/go-cloud/blob/gcsblob",
    "github.com/google/go-cloud/blob/s3blob",
    "github.com/google/go-cloud/gcp",
    "github.com/gorilla/securecookie",
    "github.com/gotnospirit/messageformat",
    "github.com/gregjones/httpcache",
    "github.com/grpc-ecosystem/go-grpc-middleware",
    "github.com/grpc-ecosystem/go-grpc-middleware/logging",
    "github.com/grpc-ecosystem/go-grpc-middleware/recovery",
    "github.com/grpc-ecosystem/go-grpc-middleware/tags",
    "github.com/grpc-ecosystem/go-grpc-prometheus",
    "github.com/grpc-ecosystem/grpc-gateway/runtime",
    "github.com/grpc-ecosystem/grpc-gateway/utilities",
    "github.com/howeyc/gopass",
    "github.com/jacobsa/crypto/cmac",
    "github.com/jaytaylor/html2text",
    "github.com/jinzhu/gorm",
    "github.com/jinzhu/gorm/dialects/postgres",
    "github.com/kr/pretty",
    "github.com/labstack/echo",
    "github.com/labstack/echo/middleware",
    "github.com/labstack/gommon/log",
    "github.com/lib/pq",
    "github.com/mattn/go-isatty",
    "github.com/mitchellh/mapstructure",
    "github.com/mohae/deepcopy",
    "github.com/mwitkow/go-proto-validators",
    "github.com/oklog/ulid",
    "github.com/pkg/errors",
    "github.com/prometheus/client_golang/prometheus",
    "github.com/robertkrimen/otto",
    "github.com/satori/go.uuid",
    "github.com/sendgrid/sendgrid-go",
    "github.com/sendgrid/sendgrid-go/helpers/mail",
    "github.com/smartystreets/assertions",
    "github.com/smartystreets/assertions/should",
    "github.com/soheilhy/cmux",
    "github.com/spf13/cast",
    "github.com/spf13/cobra",
    "github.com/spf13/pflag",
    "github.com/spf13/viper",
    "go.opencensus.io/exporter/prometheus",
    "go.opencensus.io/plugin/ocgrpc",
    "go.opencensus.io/stats/view",
    "go.thethings.network/lorawan-stack-legacy/pkg/ttnpb",
    "golang.org/x/crypto/pbkdf2",
    "golang.org/x/net/publicsuffix",
    "golang.org/x/oauth2",
    "golang.org/x/oauth2/google",
    "google.golang.org/genproto/googleapis/api/annotations",
    "google.golang.org/genproto/googleapis/rpc/status",
    "google.golang.org/genproto/protobuf/field_mask",
    "google.golang.org/grpc",
    "google.golang.org/grpc/codes",
    "google.golang.org/grpc/connectivity",
    "google.golang.org/grpc/credentials",
    "google.golang.org/grpc/grpclog",
    "google.golang.org/grpc/keepalive",
    "google.golang.org/grpc/metadata",
    "google.golang.org/grpc/peer",
    "google.golang.org/grpc/stats",
    "google.golang.org/grpc/status",
    "gopkg.in/jarcoal/httpmock.v1",
    "gopkg.in/yaml.v2",
  ]
  solver-name = "gps-cdcl"
  solver-version = 1
