# THIS IS AN AUTOGENERATED FILE. DO NOT EDIT THIS FILE DIRECTLY.
# yarn lockfile v1


arraybuffer-to-string@^1.0.2:
  version "1.0.2"
  resolved "https://registry.yarnpkg.com/arraybuffer-to-string/-/arraybuffer-to-string-1.0.2.tgz#c373aa7bb0e6844d9a2bc9654c8889a9570a26e2"
  integrity sha512-WbIYlLVmvIAyUBdQRRuyGOJRriOQy9OAsWcyURmsRQp9+g647hdMSS2VFKXbJLVw0daUu06hqwLXm9etVrXI9A==

axios@^0.21.1:
  version "0.21.1"
  resolved "https://registry.yarnpkg.com/axios/-/axios-0.21.1.tgz#22563481962f4d6bde9a76d516ef0e5d3c09b2b8"
  integrity sha512-dKQiRHxGD9PPRIUNIWvZhPTPpl1rf/OxTYKsqKUDjBwYylTvV7SjSHJb9ratfyzM6wCdLCOYLzs73qpg5c4iGA==
  dependencies:
    follow-redirects "^1.10.0"

decode-uri-component@^0.2.0:
  version "0.2.0"
  resolved "https://registry.yarnpkg.com/decode-uri-component/-/decode-uri-component-0.2.0.tgz#eb3913333458775cb84cd1a1fae062106bb87545"
  integrity sha1-6zkTMzRYd1y4TNGh+uBiEGu4dUU=

filter-obj@^1.1.0:
  version "1.1.0"
  resolved "https://registry.yarnpkg.com/filter-obj/-/filter-obj-1.1.0.tgz#9b311112bc6c6127a16e016c6c5d7f19e0805c5b"
  integrity sha1-mzERErxsYSehbgFsbF1/GeCAXFs=

follow-redirects@^1.10.0:
  version "1.13.1"
  resolved "https://registry.yarnpkg.com/follow-redirects/-/follow-redirects-1.13.1.tgz#5f69b813376cee4fd0474a3aba835df04ab763b7"
  integrity sha512-SSG5xmZh1mkPGyKzjZP8zLjltIfpW32Y5QpdNJyjcfGxK3qo3NDDkZOZSFiGn1A6SclQxY9GzEwAHQ3dmYRWpg==

proxy-polyfill@^0.3.2:
  version "0.3.2"
  resolved "https://registry.yarnpkg.com/proxy-polyfill/-/proxy-polyfill-0.3.2.tgz#55f190054a3044e105d9de16e23719e1e9be0898"
  integrity sha512-ENKSXOMCewnQTOyqrQXxEjIhzT6dy572mtehiItbDoIUF5Sv5UkmRUc8kowg2MFvr232Uo8rwRpNg3V5kgTKbA==

query-string@^6.14.0:
  version "6.14.0"
  resolved "https://registry.yarnpkg.com/query-string/-/query-string-6.14.0.tgz#0b7b7ca326f5facf10dd2d45d26645cd287f8c92"
  integrity sha512-In3o+lUxlgejoVJgwEdYtdxrmlL0cQWJXj0+kkI7RWVo7hg5AhFtybeKlC9Dpgbr8eOC4ydpEh8017WwyfzqVQ==
  dependencies:
    decode-uri-component "^0.2.0"
    filter-obj "^1.1.0"
    split-on-first "^1.0.0"
    strict-uri-encode "^2.0.0"

split-on-first@^1.0.0:
  version "1.1.0"
  resolved "https://registry.yarnpkg.com/split-on-first/-/split-on-first-1.1.0.tgz#f610afeee3b12bce1d0c30425e76398b78249a5f"
  integrity sha512-43ZssAJaMusuKWL8sKUBQXHWOpq8d6CfN/u1p4gUzfJkM05C8rxTmYrkIPTXapZpORA6LkkzcUulJ8FqA7Uudw==

strict-uri-encode@^2.0.0:
  version "2.0.0"
  resolved "https://registry.yarnpkg.com/strict-uri-encode/-/strict-uri-encode-2.0.0.tgz#b9c7330c7042862f6b142dc274bbcc5866ce3546"
  integrity sha1-ucczDHBChi9rFC3CdLvMWGbONUY=

traverse@^0.6.6:
  version "0.6.6"
  resolved "https://registry.yarnpkg.com/traverse/-/traverse-0.6.6.tgz#cbdf560fd7b9af632502fed40f918c157ea97137"
  integrity sha1-y99WD9e5r2MlAv7UD5GMFX6pcTc=

web-streams-polyfill@^3.0.2:
  version "3.0.2"
  resolved "https://registry.yarnpkg.com/web-streams-polyfill/-/web-streams-polyfill-3.0.2.tgz#402061089a61a2465457938abaa1b9e4db1bcc0f"
  integrity sha512-JTNkNbAKoSo8NKiqu2UUaqRFCDWWZaCOsXuJEsToWopikTA0YHKKUf91GNkS/SnD8JixOkJjVsiacNlrFnRECA==
