# THIS IS AN AUTOGENERATED FILE. DO NOT EDIT THIS FILE DIRECTLY.
# yarn lockfile v1


arraybuffer-to-string@^1.0.2:
  version "1.0.2"
  resolved "https://registry.yarnpkg.com/arraybuffer-to-string/-/arraybuffer-to-string-1.0.2.tgz#c373aa7bb0e6844d9a2bc9654c8889a9570a26e2"
  integrity sha512-WbIYlLVmvIAyUBdQRRuyGOJRriOQy9OAsWcyURmsRQp9+g647hdMSS2VFKXbJLVw0daUu06hqwLXm9etVrXI9A==

axios@^0.21.1:
  version "0.21.1"
  resolved "https://registry.yarnpkg.com/axios/-/axios-0.21.1.tgz#22563481962f4d6bde9a76d516ef0e5d3c09b2b8"
  integrity sha512-dKQiRHxGD9PPRIUNIWvZhPTPpl1rf/OxTYKsqKUDjBwYylTvV7SjSHJb9ratfyzM6wCdLCOYLzs73qpg5c4iGA==
  dependencies:
    follow-redirects "^1.10.0"

follow-redirects@^1.10.0:
  version "1.13.3"
  resolved "https://registry.yarnpkg.com/follow-redirects/-/follow-redirects-1.13.3.tgz#e5598ad50174c1bc4e872301e82ac2cd97f90267"
  integrity sha512-DUgl6+HDzB0iEptNQEXLx/KhTmDb8tZUHSeLqpnjpknR70H0nC2t9N73BK6fN4hOvJ84pKlIQVQ4k5FFlBedKA==

proxy-polyfill@^0.3.0:
  version "0.3.2"
  resolved "https://registry.yarnpkg.com/proxy-polyfill/-/proxy-polyfill-0.3.2.tgz#55f190054a3044e105d9de16e23719e1e9be0898"
  integrity sha512-ENKSXOMCewnQTOyqrQXxEjIhzT6dy572mtehiItbDoIUF5Sv5UkmRUc8kowg2MFvr232Uo8rwRpNg3V5kgTKbA==

traverse@^0.6.6:
  version "0.6.6"
  resolved "https://registry.yarnpkg.com/traverse/-/traverse-0.6.6.tgz#cbdf560fd7b9af632502fed40f918c157ea97137"
  integrity sha1-y99WD9e5r2MlAv7UD5GMFX6pcTc=

web-streams-polyfill@^2.0.3:
  version "2.1.1"
  resolved "https://registry.yarnpkg.com/web-streams-polyfill/-/web-streams-polyfill-2.1.1.tgz#2c82b6193849ccb9efaa267772c28260ef68d6d2"
  integrity sha512-dlNpL2aab3g8CKfGz6rl8FNmGaRWLLn2g/DtSc9IjB30mEdE6XxzPfPSig5BwGSzI+oLxHyETrQGKjrVVhbLCg==
