# THIS IS AN AUTOGENERATED FILE. DO NOT EDIT THIS FILE DIRECTLY.
# yarn lockfile v1


array-buffer-byte-length@^1.0.1:
  version "1.0.1"
  resolved "https://registry.yarnpkg.com/array-buffer-byte-length/-/array-buffer-byte-length-1.0.1.tgz#1e5583ec16763540a27ae52eed99ff899223568f"
  integrity sha512-ahC5W1xgou+KTXix4sAO8Ki12Q+jf4i0+tmk3sC+zgcynshkHxzpXdImBehiUYKKKDwvfFiJl1tZt6ewscS1Mg==
  dependencies:
    call-bind "^1.0.5"
    is-array-buffer "^3.0.4"

arraybuffer-to-string@^1.0.2:
  version "1.0.2"
  resolved "https://registry.yarnpkg.com/arraybuffer-to-string/-/arraybuffer-to-string-1.0.2.tgz#c373aa7bb0e6844d9a2bc9654c8889a9570a26e2"
  integrity sha512-WbIYlLVmvIAyUBdQRRuyGOJRriOQy9OAsWcyURmsRQp9+g647hdMSS2VFKXbJLVw0daUu06hqwLXm9etVrXI9A==

arraybuffer.prototype.slice@^1.0.3:
  version "1.0.3"
  resolved "https://registry.yarnpkg.com/arraybuffer.prototype.slice/-/arraybuffer.prototype.slice-1.0.3.tgz#097972f4255e41bc3425e37dc3f6421cf9aefde6"
  integrity sha512-bMxMKAjg13EBSVscxTaYA4mRc5t1UAXa2kXiGTNfZ079HIWXEkKmkgFrh/nJqamaLSrXO5H4WFFkPEaLJWbs3A==
  dependencies:
    array-buffer-byte-length "^1.0.1"
    call-bind "^1.0.5"
    define-properties "^1.2.1"
    es-abstract "^1.22.3"
    es-errors "^1.2.1"
    get-intrinsic "^1.2.3"
    is-array-buffer "^3.0.4"
    is-shared-array-buffer "^1.0.2"

asynckit@^0.4.0:
  version "0.4.0"
  resolved "https://registry.yarnpkg.com/asynckit/-/asynckit-0.4.0.tgz#c79ed97f7f34cb8f2ba1bc9790bcc366474b4b79"
  integrity sha512-Oei9OH4tRh0YqU3GxhX79dM/mwVgvbZJaSNaRk+bshkj0S5cfHcgYakreBjrHwatXKbz+IoIdYLxrKim2MjW0Q==

auto-bind@^5.0.1:
  version "5.0.1"
  resolved "https://registry.yarnpkg.com/auto-bind/-/auto-bind-5.0.1.tgz#50d8e63ea5a1dddcb5e5e36451c1a8266ffbb2ae"
  integrity sha512-ooviqdwwgfIfNmDwo94wlshcdzfO64XV0Cg6oDsDYBJfITDz1EngD2z7DkbvCWn+XIMsIqW27sEVF6qcpJrRcg==

available-typed-arrays@^1.0.7:
  version "1.0.7"
  resolved "https://registry.yarnpkg.com/available-typed-arrays/-/available-typed-arrays-1.0.7.tgz#a5cc375d6a03c2efc87a553f3e0b1522def14846"
  integrity sha512-wvUjBtSGN7+7SjNpq/9M2Tg350UZD3q62IFZLbRAR1bSMlCo1ZaeW+BJ+D090e4hIIZLBcTDWe4Mh4jvUDajzQ==
  dependencies:
    possible-typed-array-names "^1.0.0"

axios@^1.4.0:
  version "1.7.8"
  resolved "https://registry.yarnpkg.com/axios/-/axios-1.7.8.tgz#1997b1496b394c21953e68c14aaa51b7b5de3d6e"
  integrity sha512-Uu0wb7KNqK2t5K+YQyVCLM76prD5sRFjKHbJYCP1J7JFGEQ6nN7HWn9+04LAeiJ3ji54lgS/gZCH1oxyrf1SPw==
  dependencies:
    follow-redirects "^1.15.6"
    form-data "^4.0.0"
    proxy-from-env "^1.1.0"

call-bind@^1.0.2, call-bind@^1.0.5, call-bind@^1.0.6, call-bind@^1.0.7:
  version "1.0.7"
  resolved "https://registry.yarnpkg.com/call-bind/-/call-bind-1.0.7.tgz#06016599c40c56498c18769d2730be242b6fa3b9"
  integrity sha512-GHTSNSYICQ7scH7sZ+M2rFopRoLh8t2bLSW6BbgrtLsahOIB5iyAVJf9GjWK3cYTDaMj4XdBpM1cA6pIS0Kv2w==
  dependencies:
    es-define-property "^1.0.0"
    es-errors "^1.3.0"
    function-bind "^1.1.2"
    get-intrinsic "^1.2.4"
    set-function-length "^1.2.1"

combined-stream@^1.0.8:
  version "1.0.8"
  resolved "https://registry.yarnpkg.com/combined-stream/-/combined-stream-1.0.8.tgz#c3d45a8b34fd730631a110a8a2520682b31d5a7f"
  integrity sha512-FQN4MRfuJeHf7cBbBMJFXhKSDq+2kAArBlmRBvcvFE5BB1HZKXtSFASDhdlz9zOYwxh8lDdnvmMOe/+5cdoEdg==
  dependencies:
    delayed-stream "~1.0.0"

data-view-buffer@^1.0.1:
  version "1.0.1"
  resolved "https://registry.yarnpkg.com/data-view-buffer/-/data-view-buffer-1.0.1.tgz#8ea6326efec17a2e42620696e671d7d5a8bc66b2"
  integrity sha512-0lht7OugA5x3iJLOWFhWK/5ehONdprk0ISXqVFn/NFrDu+cuc8iADFrGQz5BnRK7LLU3JmkbXSxaqX+/mXYtUA==
  dependencies:
    call-bind "^1.0.6"
    es-errors "^1.3.0"
    is-data-view "^1.0.1"

data-view-byte-length@^1.0.1:
  version "1.0.1"
  resolved "https://registry.yarnpkg.com/data-view-byte-length/-/data-view-byte-length-1.0.1.tgz#90721ca95ff280677eb793749fce1011347669e2"
  integrity sha512-4J7wRJD3ABAzr8wP+OcIcqq2dlUKp4DVflx++hs5h5ZKydWMI6/D/fAot+yh6g2tHh8fLFTvNOaVN357NvSrOQ==
  dependencies:
    call-bind "^1.0.7"
    es-errors "^1.3.0"
    is-data-view "^1.0.1"

data-view-byte-offset@^1.0.0:
  version "1.0.0"
  resolved "https://registry.yarnpkg.com/data-view-byte-offset/-/data-view-byte-offset-1.0.0.tgz#5e0bbfb4828ed2d1b9b400cd8a7d119bca0ff18a"
  integrity sha512-t/Ygsytq+R995EJ5PZlD4Cu56sWa8InXySaViRzw9apusqsOO2bQP+SbYzAhR0pFKoB+43lYy8rWban9JSuXnA==
  dependencies:
    call-bind "^1.0.6"
    es-errors "^1.3.0"
    is-data-view "^1.0.1"

define-data-property@^1.0.1, define-data-property@^1.1.4:
  version "1.1.4"
  resolved "https://registry.yarnpkg.com/define-data-property/-/define-data-property-1.1.4.tgz#894dc141bb7d3060ae4366f6a0107e68fbe48c5e"
  integrity sha512-rBMvIzlpA8v6E+SJZoo++HAYqsLrkg7MSfIinMPFhmkorw7X+dOXVJQs+QT69zGkzMyfDnIMN2Wid1+NbL3T+A==
  dependencies:
    es-define-property "^1.0.0"
    es-errors "^1.3.0"
    gopd "^1.0.1"

define-properties@^1.1.3, define-properties@^1.2.0, define-properties@^1.2.1:
  version "1.2.1"
  resolved "https://registry.yarnpkg.com/define-properties/-/define-properties-1.2.1.tgz#10781cc616eb951a80a034bafcaa7377f6af2b6c"
  integrity sha512-8QmQKqEASLd5nx0U1B1okLElbUuuttJ/AnYmRXbbbGDWh6uS208EjD4Xqq/I9wK7u0v6O08XhTWnt5XtEbR6Dg==
  dependencies:
    define-data-property "^1.0.1"
    has-property-descriptors "^1.0.0"
    object-keys "^1.1.1"

delayed-stream@~1.0.0:
  version "1.0.0"
  resolved "https://registry.yarnpkg.com/delayed-stream/-/delayed-stream-1.0.0.tgz#df3ae199acadfb7d440aaae0b29e2272b24ec619"
  integrity sha512-ZySD7Nf91aLB0RxL4KGrKHBXl7Eds1DAmEdcoVawXnLD7SDhpNgtuII2aAkg7a7QS41jxPSZ17p4VdGnMHk3MQ==

es-abstract@^1.22.1, es-abstract@^1.22.3, es-abstract@^1.23.0:
  version "1.23.3"
  resolved "https://registry.yarnpkg.com/es-abstract/-/es-abstract-1.23.3.tgz#8f0c5a35cd215312573c5a27c87dfd6c881a0aa0"
  integrity sha512-e+HfNH61Bj1X9/jLc5v1owaLYuHdeHHSQlkhCBiTK8rBvKaULl/beGMxwrMXjpYrv4pz22BlY570vVePA2ho4A==
  dependencies:
    array-buffer-byte-length "^1.0.1"
    arraybuffer.prototype.slice "^1.0.3"
    available-typed-arrays "^1.0.7"
    call-bind "^1.0.7"
    data-view-buffer "^1.0.1"
    data-view-byte-length "^1.0.1"
    data-view-byte-offset "^1.0.0"
    es-define-property "^1.0.0"
    es-errors "^1.3.0"
    es-object-atoms "^1.0.0"
    es-set-tostringtag "^2.0.3"
    es-to-primitive "^1.2.1"
    function.prototype.name "^1.1.6"
    get-intrinsic "^1.2.4"
    get-symbol-description "^1.0.2"
    globalthis "^1.0.3"
    gopd "^1.0.1"
    has-property-descriptors "^1.0.2"
    has-proto "^1.0.3"
    has-symbols "^1.0.3"
    hasown "^2.0.2"
    internal-slot "^1.0.7"
    is-array-buffer "^3.0.4"
    is-callable "^1.2.7"
    is-data-view "^1.0.1"
    is-negative-zero "^2.0.3"
    is-regex "^1.1.4"
    is-shared-array-buffer "^1.0.3"
    is-string "^1.0.7"
    is-typed-array "^1.1.13"
    is-weakref "^1.0.2"
    object-inspect "^1.13.1"
    object-keys "^1.1.1"
    object.assign "^4.1.5"
    regexp.prototype.flags "^1.5.2"
    safe-array-concat "^1.1.2"
    safe-regex-test "^1.0.3"
    string.prototype.trim "^1.2.9"
    string.prototype.trimend "^1.0.8"
    string.prototype.trimstart "^1.0.8"
    typed-array-buffer "^1.0.2"
    typed-array-byte-length "^1.0.1"
    typed-array-byte-offset "^1.0.2"
    typed-array-length "^1.0.6"
    unbox-primitive "^1.0.2"
    which-typed-array "^1.1.15"

es-define-property@^1.0.0:
  version "1.0.0"
  resolved "https://registry.yarnpkg.com/es-define-property/-/es-define-property-1.0.0.tgz#c7faefbdff8b2696cf5f46921edfb77cc4ba3845"
  integrity sha512-jxayLKShrEqqzJ0eumQbVhTYQM27CfT1T35+gCgDFoL82JLsXqTJ76zv6A0YLOgEnLUMvLzsDsGIrl8NFpT2gQ==
  dependencies:
    get-intrinsic "^1.2.4"

es-errors@^1.2.1, es-errors@^1.3.0:
  version "1.3.0"
  resolved "https://registry.yarnpkg.com/es-errors/-/es-errors-1.3.0.tgz#05f75a25dab98e4fb1dcd5e1472c0546d5057c8f"
  integrity sha512-Zf5H2Kxt2xjTvbJvP2ZWLEICxA6j+hAmMzIlypy4xcBg1vKVnx89Wy0GbS+kf5cwCVFFzdCFh2XSCFNULS6csw==

es-object-atoms@^1.0.0:
  version "1.0.0"
  resolved "https://registry.yarnpkg.com/es-object-atoms/-/es-object-atoms-1.0.0.tgz#ddb55cd47ac2e240701260bc2a8e31ecb643d941"
  integrity sha512-MZ4iQ6JwHOBQjahnjwaC1ZtIBH+2ohjamzAO3oaHcXYup7qxjF2fixyH+Q71voWHeOkI2q/TnJao/KfXYIZWbw==
  dependencies:
    es-errors "^1.3.0"

es-set-tostringtag@^2.0.3:
  version "2.0.3"
  resolved "https://registry.yarnpkg.com/es-set-tostringtag/-/es-set-tostringtag-2.0.3.tgz#8bb60f0a440c2e4281962428438d58545af39777"
  integrity sha512-3T8uNMC3OQTHkFUsFq8r/BwAXLHvU/9O9mE0fBc/MY5iq/8H7ncvO947LmYA6ldWw9Uh8Yhf25zu6n7nML5QWQ==
  dependencies:
    get-intrinsic "^1.2.4"
    has-tostringtag "^1.0.2"
    hasown "^2.0.1"

es-to-primitive@^1.2.1:
  version "1.2.1"
  resolved "https://registry.yarnpkg.com/es-to-primitive/-/es-to-primitive-1.2.1.tgz#e55cd4c9cdc188bcefb03b366c736323fc5c898a"
  integrity sha512-QCOllgZJtaUo9miYBcLChTUaHNjJF3PYs1VidD7AwiEj1kYxKeQTctLAezAOH5ZKRH0g2IgPn6KwB4IT8iRpvA==
  dependencies:
    is-callable "^1.1.4"
    is-date-object "^1.0.1"
    is-symbol "^1.0.2"

follow-redirects@^1.15.6:
  version "1.15.6"
  resolved "https://registry.yarnpkg.com/follow-redirects/-/follow-redirects-1.15.6.tgz#7f815c0cda4249c74ff09e95ef97c23b5fd0399b"
  integrity sha512-wWN62YITEaOpSK584EZXJafH1AGpO8RVgElfkuXbTOrPX4fIfOyEpW/CsiNd8JdYrAoOvafRTOEnvsO++qCqFA==

for-each@^0.3.3:
  version "0.3.3"
  resolved "https://registry.yarnpkg.com/for-each/-/for-each-0.3.3.tgz#69b447e88a0a5d32c3e7084f3f1710034b21376e"
  integrity sha512-jqYfLp7mo9vIyQf8ykW2v7A+2N4QjeCeI5+Dz9XraiO1ign81wjiH7Fb9vSOWvQfNtmSa4H2RoQTrrXivdUZmw==
  dependencies:
    is-callable "^1.1.3"

form-data@^4.0.0:
  version "4.0.0"
  resolved "https://registry.yarnpkg.com/form-data/-/form-data-4.0.0.tgz#93919daeaf361ee529584b9b31664dc12c9fa452"
  integrity sha512-ETEklSGi5t0QMZuiXoA/Q6vcnxcLQP5vdugSpuAyi6SVGi2clPPp+xgEhuMaHC+zGgn31Kd235W35f7Hykkaww==
  dependencies:
    asynckit "^0.4.0"
    combined-stream "^1.0.8"
    mime-types "^2.1.12"

function-bind@^1.1.2:
  version "1.1.2"
  resolved "https://registry.yarnpkg.com/function-bind/-/function-bind-1.1.2.tgz#2c02d864d97f3ea6c8830c464cbd11ab6eab7a1c"
  integrity sha512-7XHNxH7qX9xG5mIwxkhumTox/MIRNcOgDrxWsMt2pAr23WHp6MrRlN7FBSFpCpr+oVO0F744iUgR82nJMfG2SA==

function.prototype.name@^1.1.6:
  version "1.1.6"
  resolved "https://registry.yarnpkg.com/function.prototype.name/-/function.prototype.name-1.1.6.tgz#cdf315b7d90ee77a4c6ee216c3c3362da07533fd"
  integrity sha512-Z5kx79swU5P27WEayXM1tBi5Ze/lbIyiNgU3qyXUOf9b2rgXYyF9Dy9Cx+IQv/Lc8WCG6L82zwUPpSS9hGehIg==
  dependencies:
    call-bind "^1.0.2"
    define-properties "^1.2.0"
    es-abstract "^1.22.1"
    functions-have-names "^1.2.3"

functions-have-names@^1.2.3:
  version "1.2.3"
  resolved "https://registry.yarnpkg.com/functions-have-names/-/functions-have-names-1.2.3.tgz#0404fe4ee2ba2f607f0e0ec3c80bae994133b834"
  integrity sha512-xckBUXyTIqT97tq2x2AMb+g163b5JFysYk0x4qxNFwbfQkmNZoiRHb6sPzI9/QV33WeuvVYBUIiD4NzNIyqaRQ==

get-intrinsic@^1.1.3, get-intrinsic@^1.2.1, get-intrinsic@^1.2.3, get-intrinsic@^1.2.4:
  version "1.2.4"
  resolved "https://registry.yarnpkg.com/get-intrinsic/-/get-intrinsic-1.2.4.tgz#e385f5a4b5227d449c3eabbad05494ef0abbeadd"
  integrity sha512-5uYhsJH8VJBTv7oslg4BznJYhDoRI6waYCxMmCdnTrcCrHA/fCFKoTFz2JKKE0HdDFUF7/oQuhzumXJK7paBRQ==
  dependencies:
    es-errors "^1.3.0"
    function-bind "^1.1.2"
    has-proto "^1.0.1"
    has-symbols "^1.0.3"
    hasown "^2.0.0"

get-symbol-description@^1.0.2:
  version "1.0.2"
  resolved "https://registry.yarnpkg.com/get-symbol-description/-/get-symbol-description-1.0.2.tgz#533744d5aa20aca4e079c8e5daf7fd44202821f5"
  integrity sha512-g0QYk1dZBxGwk+Ngc+ltRH2IBp2f7zBkBMBJZCDerh6EhlhSR6+9irMCuT/09zD6qkarHUSn529sK/yL4S27mg==
  dependencies:
    call-bind "^1.0.5"
    es-errors "^1.3.0"
    get-intrinsic "^1.2.4"

globalthis@^1.0.3:
  version "1.0.3"
  resolved "https://registry.yarnpkg.com/globalthis/-/globalthis-1.0.3.tgz#5852882a52b80dc301b0660273e1ed082f0b6ccf"
  integrity sha512-sFdI5LyBiNTHjRd7cGPWapiHWMOXKyuBNX/cWJ3NfzrZQVa8GI/8cofCl74AOVqq9W5kNmguTIzJ/1s2gyI9wA==
  dependencies:
    define-properties "^1.1.3"

gopd@^1.0.1:
  version "1.0.1"
  resolved "https://registry.yarnpkg.com/gopd/-/gopd-1.0.1.tgz#29ff76de69dac7489b7c0918a5788e56477c332c"
  integrity sha512-d65bNlIadxvpb/A2abVdlqKqV563juRnZ1Wtk6s1sIR8uNsXR70xqIzVqxVf1eTqDunwT2MkczEeaezCKTZhwA==
  dependencies:
    get-intrinsic "^1.1.3"

has-bigints@^1.0.1, has-bigints@^1.0.2:
  version "1.0.2"
  resolved "https://registry.yarnpkg.com/has-bigints/-/has-bigints-1.0.2.tgz#0871bd3e3d51626f6ca0966668ba35d5602d6eaa"
  integrity sha512-tSvCKtBr9lkF0Ex0aQiP9N+OpV4zi2r/Nee5VkRDbaqv35RLYMzbwQfFSZZH0kR+Rd6302UJZ2p/bJCEoR3VoQ==

has-property-descriptors@^1.0.0, has-property-descriptors@^1.0.2:
  version "1.0.2"
  resolved "https://registry.yarnpkg.com/has-property-descriptors/-/has-property-descriptors-1.0.2.tgz#963ed7d071dc7bf5f084c5bfbe0d1b6222586854"
  integrity sha512-55JNKuIW+vq4Ke1BjOTjM2YctQIvCT7GFzHwmfZPGo5wnrgkid0YQtnAleFSqumZm4az3n2BS+erby5ipJdgrg==
  dependencies:
    es-define-property "^1.0.0"

has-proto@^1.0.1, has-proto@^1.0.3:
  version "1.0.3"
  resolved "https://registry.yarnpkg.com/has-proto/-/has-proto-1.0.3.tgz#b31ddfe9b0e6e9914536a6ab286426d0214f77fd"
  integrity sha512-SJ1amZAJUiZS+PhsVLf5tGydlaVB8EdFpaSO4gmiUKUOxk8qzn5AIy4ZeJUmh22znIdk/uMAUT2pl3FxzVUH+Q==

has-symbols@^1.0.2, has-symbols@^1.0.3:
  version "1.0.3"
  resolved "https://registry.yarnpkg.com/has-symbols/-/has-symbols-1.0.3.tgz#bb7b2c4349251dce87b125f7bdf874aa7c8b39f8"
  integrity sha512-l3LCuF6MgDNwTDKkdYGEihYjt5pRPbEg46rtlmnSPlUbgmB8LOIrKJbYYFBSbnPaJexMKtiPO8hmeRjRz2Td+A==

has-tostringtag@^1.0.0, has-tostringtag@^1.0.2:
  version "1.0.2"
  resolved "https://registry.yarnpkg.com/has-tostringtag/-/has-tostringtag-1.0.2.tgz#2cdc42d40bef2e5b4eeab7c01a73c54ce7ab5abc"
  integrity sha512-NqADB8VjPFLM2V0VvHUewwwsw0ZWBaIdgo+ieHtK3hasLz4qeCRjYcqfB6AQrBggRKppKF8L52/VqdVsO47Dlw==
  dependencies:
    has-symbols "^1.0.3"

hasown@^2.0.0, hasown@^2.0.1, hasown@^2.0.2:
  version "2.0.2"
  resolved "https://registry.yarnpkg.com/hasown/-/hasown-2.0.2.tgz#003eaf91be7adc372e84ec59dc37252cedb80003"
  integrity sha512-0hJU9SCPvmMzIBdZFqNPXWa6dqh7WdH0cII9y+CyS8rG3nL48Bclra9HmKhVVUHyPWNH5Y7xDwAB7bfgSjkUMQ==
  dependencies:
    function-bind "^1.1.2"

internal-slot@^1.0.7:
  version "1.0.7"
  resolved "https://registry.yarnpkg.com/internal-slot/-/internal-slot-1.0.7.tgz#c06dcca3ed874249881007b0a5523b172a190802"
  integrity sha512-NGnrKwXzSms2qUUih/ILZ5JBqNTSa1+ZmP6flaIp6KmSElgE9qdndzS3cqjrDovwFdmwsGsLdeFgB6suw+1e9g==
  dependencies:
    es-errors "^1.3.0"
    hasown "^2.0.0"
    side-channel "^1.0.4"

is-array-buffer@^3.0.4:
  version "3.0.4"
  resolved "https://registry.yarnpkg.com/is-array-buffer/-/is-array-buffer-3.0.4.tgz#7a1f92b3d61edd2bc65d24f130530ea93d7fae98"
  integrity sha512-wcjaerHw0ydZwfhiKbXJWLDY8A7yV7KhjQOpb83hGgGfId/aQa4TOvwyzn2PuswW2gPCYEL/nEAiSVpdOj1lXw==
  dependencies:
    call-bind "^1.0.2"
    get-intrinsic "^1.2.1"

is-bigint@^1.0.1:
  version "1.0.4"
  resolved "https://registry.yarnpkg.com/is-bigint/-/is-bigint-1.0.4.tgz#08147a1875bc2b32005d41ccd8291dffc6691df3"
  integrity sha512-zB9CruMamjym81i2JZ3UMn54PKGsQzsJeo6xvN3HJJ4CAsQNB6iRutp2To77OfCNuoxspsIhzaPoO1zyCEhFOg==
  dependencies:
    has-bigints "^1.0.1"

is-boolean-object@^1.1.0:
  version "1.1.2"
  resolved "https://registry.yarnpkg.com/is-boolean-object/-/is-boolean-object-1.1.2.tgz#5c6dc200246dd9321ae4b885a114bb1f75f63719"
  integrity sha512-gDYaKHJmnj4aWxyj6YHyXVpdQawtVLHU5cb+eztPGczf6cjuTdwve5ZIEfgXqH4e57An1D1AKf8CZ3kYrQRqYA==
  dependencies:
    call-bind "^1.0.2"
    has-tostringtag "^1.0.0"

is-callable@^1.1.3, is-callable@^1.1.4, is-callable@^1.2.7:
  version "1.2.7"
  resolved "https://registry.yarnpkg.com/is-callable/-/is-callable-1.2.7.tgz#3bc2a85ea742d9e36205dcacdd72ca1fdc51b055"
  integrity sha512-1BC0BVFhS/p0qtw6enp8e+8OD0UrK0oFLztSjNzhcKA3WDuJxxAPXzPuPtKkjEY9UUoEWlX/8fgKeu2S8i9JTA==

is-data-view@^1.0.1:
  version "1.0.1"
  resolved "https://registry.yarnpkg.com/is-data-view/-/is-data-view-1.0.1.tgz#4b4d3a511b70f3dc26d42c03ca9ca515d847759f"
  integrity sha512-AHkaJrsUVW6wq6JS8y3JnM/GJF/9cf+k20+iDzlSaJrinEo5+7vRiteOSwBhHRiAyQATN1AmY4hwzxJKPmYf+w==
  dependencies:
    is-typed-array "^1.1.13"

is-date-object@^1.0.1:
  version "1.0.5"
  resolved "https://registry.yarnpkg.com/is-date-object/-/is-date-object-1.0.5.tgz#0841d5536e724c25597bf6ea62e1bd38298df31f"
  integrity sha512-9YQaSxsAiSwcvS33MBk3wTCVnWK+HhF8VZR2jRxehM16QcVOdHqPn4VPHmRK4lSr38n9JriurInLcP90xsYNfQ==
  dependencies:
    has-tostringtag "^1.0.0"

is-negative-zero@^2.0.3:
  version "2.0.3"
  resolved "https://registry.yarnpkg.com/is-negative-zero/-/is-negative-zero-2.0.3.tgz#ced903a027aca6381b777a5743069d7376a49747"
  integrity sha512-5KoIu2Ngpyek75jXodFvnafB6DJgr3u8uuK0LEZJjrU19DrMD3EVERaR8sjz8CCGgpZvxPl9SuE1GMVPFHx1mw==

is-number-object@^1.0.4:
  version "1.0.7"
  resolved "https://registry.yarnpkg.com/is-number-object/-/is-number-object-1.0.7.tgz#59d50ada4c45251784e9904f5246c742f07a42fc"
  integrity sha512-k1U0IRzLMo7ZlYIfzRu23Oh6MiIFasgpb9X76eqfFZAqwH44UI4KTBvBYIZ1dSL9ZzChTB9ShHfLkR4pdW5krQ==
  dependencies:
    has-tostringtag "^1.0.0"

is-regex@^1.1.4:
  version "1.1.4"
  resolved "https://registry.yarnpkg.com/is-regex/-/is-regex-1.1.4.tgz#eef5663cd59fa4c0ae339505323df6854bb15958"
  integrity sha512-kvRdxDsxZjhzUX07ZnLydzS1TU/TJlTUHHY4YLL87e37oUA49DfkLqgy+VjFocowy29cKvcSiu+kIv728jTTVg==
  dependencies:
    call-bind "^1.0.2"
    has-tostringtag "^1.0.0"

is-shared-array-buffer@^1.0.2, is-shared-array-buffer@^1.0.3:
  version "1.0.3"
  resolved "https://registry.yarnpkg.com/is-shared-array-buffer/-/is-shared-array-buffer-1.0.3.tgz#1237f1cba059cdb62431d378dcc37d9680181688"
  integrity sha512-nA2hv5XIhLR3uVzDDfCIknerhx8XUKnstuOERPNNIinXG7v9u+ohXF67vxm4TPTEPU6lm61ZkwP3c9PCB97rhg==
  dependencies:
    call-bind "^1.0.7"

is-string@^1.0.5, is-string@^1.0.7:
  version "1.0.7"
  resolved "https://registry.yarnpkg.com/is-string/-/is-string-1.0.7.tgz#0dd12bf2006f255bb58f695110eff7491eebc0fd"
  integrity sha512-tE2UXzivje6ofPW7l23cjDOMa09gb7xlAqG6jG5ej6uPV32TlWP3NKPigtaGeHNu9fohccRYvIiZMfOOnOYUtg==
  dependencies:
    has-tostringtag "^1.0.0"

is-symbol@^1.0.2, is-symbol@^1.0.3:
  version "1.0.4"
  resolved "https://registry.yarnpkg.com/is-symbol/-/is-symbol-1.0.4.tgz#a6dac93b635b063ca6872236de88910a57af139c"
  integrity sha512-C/CPBqKWnvdcxqIARxyOh4v1UUEOCHpgDa0WYgpKDFMszcrPcffg5uhwSgPCLD2WWxmq6isisz87tzT01tuGhg==
  dependencies:
    has-symbols "^1.0.2"

is-typed-array@^1.1.13:
  version "1.1.13"
  resolved "https://registry.yarnpkg.com/is-typed-array/-/is-typed-array-1.1.13.tgz#d6c5ca56df62334959322d7d7dd1cca50debe229"
  integrity sha512-uZ25/bUAlUY5fR4OKT4rZQEBrzQWYV9ZJYGGsUmEJ6thodVJ1HX64ePQ6Z0qPWP+m+Uq6e9UugrE38jeYsDSMw==
  dependencies:
    which-typed-array "^1.1.14"

is-weakref@^1.0.2:
  version "1.0.2"
  resolved "https://registry.yarnpkg.com/is-weakref/-/is-weakref-1.0.2.tgz#9529f383a9338205e89765e0392efc2f100f06f2"
  integrity sha512-qctsuLZmIQ0+vSSMfoVvyFe2+GSEvnmZ2ezTup1SBse9+twCCeial6EEi3Nc2KFcf6+qz2FBPnjXsk8xhKSaPQ==
  dependencies:
    call-bind "^1.0.2"

isarray@^2.0.5:
  version "2.0.5"
  resolved "https://registry.yarnpkg.com/isarray/-/isarray-2.0.5.tgz#8af1e4c1221244cc62459faf38940d4e644a5723"
  integrity sha512-xHjhDr3cNBK0BzdUJSPXZntQUx/mwMS5Rw4A7lPJ90XGAO6ISP/ePDNuo0vhqOZU+UD5JoodwCAAoZQd3FeAKw==

mime-db@1.52.0:
  version "1.52.0"
  resolved "https://registry.yarnpkg.com/mime-db/-/mime-db-1.52.0.tgz#bbabcdc02859f4987301c856e3387ce5ec43bf70"
  integrity sha512-sPU4uV7dYlvtWJxwwxHD0PuihVNiE7TyAbQ5SWxDCB9mUYvOgroQOwYQQOKPJ8CIbE+1ETVlOoK1UC2nU3gYvg==

mime-types@^2.1.12:
  version "2.1.35"
  resolved "https://registry.yarnpkg.com/mime-types/-/mime-types-2.1.35.tgz#381a871b62a734450660ae3deee44813f70d959a"
  integrity sha512-ZDY+bPm5zTTF+YpCrAU9nK0UgICYPT0QtT1NZWFv4s++TNkcgVaT0g6+4R2uI4MjQjzysHB1zxuWL50hzaeXiw==
  dependencies:
    mime-db "1.52.0"

object-inspect@^1.13.1:
  version "1.13.1"
  resolved "https://registry.yarnpkg.com/object-inspect/-/object-inspect-1.13.1.tgz#b96c6109324ccfef6b12216a956ca4dc2ff94bc2"
  integrity sha512-5qoj1RUiKOMsCCNLV1CBiPYE10sziTsnmNxkAI/rZhiD63CF7IqdFGC/XzjWjpSgLf0LxXX3bDFIh0E18f6UhQ==

object-keys@^1.1.1:
  version "1.1.1"
  resolved "https://registry.yarnpkg.com/object-keys/-/object-keys-1.1.1.tgz#1c47f272df277f3b1daf061677d9c82e2322c60e"
  integrity sha512-NuAESUOUMrlIXOfHKzD6bpPu3tYt3xvjNdRIQ+FeT0lNb4K8WR70CaDxhuNguS2XG+GjkyMwOzsN5ZktImfhLA==

object.assign@^4.1.5:
  version "4.1.5"
  resolved "https://registry.yarnpkg.com/object.assign/-/object.assign-4.1.5.tgz#3a833f9ab7fdb80fc9e8d2300c803d216d8fdbb0"
  integrity sha512-byy+U7gp+FVwmyzKPYhW2h5l3crpmGsxl7X2s8y43IgxvG4g3QZ6CffDtsNQy1WsmZpQbO+ybo0AlW7TY6DcBQ==
  dependencies:
    call-bind "^1.0.5"
    define-properties "^1.2.1"
    has-symbols "^1.0.3"
    object-keys "^1.1.1"

possible-typed-array-names@^1.0.0:
  version "1.0.0"
  resolved "https://registry.yarnpkg.com/possible-typed-array-names/-/possible-typed-array-names-1.0.0.tgz#89bb63c6fada2c3e90adc4a647beeeb39cc7bf8f"
  integrity sha512-d7Uw+eZoloe0EHDIYoe+bQ5WXnGMOpmiZFTuMWCwpjzzkL2nTjcKiAk4hh8TjnGye2TwWOk3UXucZ+3rbmBa8Q==

proxy-from-env@^1.1.0:
  version "1.1.0"
  resolved "https://registry.yarnpkg.com/proxy-from-env/-/proxy-from-env-1.1.0.tgz#e102f16ca355424865755d2c9e8ea4f24d58c3e2"
  integrity sha512-D+zkORCbA9f1tdWRK0RaCR3GPv50cMxcrz4X8k5LTSUD1Dkw47mKJEZQNunItRTkWwgtaUSo1RVFRIG9ZXiFYg==

proxy-polyfill@^0.3.0:
  version "0.3.2"
  resolved "https://registry.yarnpkg.com/proxy-polyfill/-/proxy-polyfill-0.3.2.tgz#55f190054a3044e105d9de16e23719e1e9be0898"
  integrity sha512-ENKSXOMCewnQTOyqrQXxEjIhzT6dy572mtehiItbDoIUF5Sv5UkmRUc8kowg2MFvr232Uo8rwRpNg3V5kgTKbA==

regexp.prototype.flags@^1.5.2:
  version "1.5.2"
  resolved "https://registry.yarnpkg.com/regexp.prototype.flags/-/regexp.prototype.flags-1.5.2.tgz#138f644a3350f981a858c44f6bb1a61ff59be334"
  integrity sha512-NcDiDkTLuPR+++OCKB0nWafEmhg/Da8aUPLPMQbK+bxKKCm1/S5he+AqYa4PlMCVBalb4/yxIRub6qkEx5yJbw==
  dependencies:
    call-bind "^1.0.6"
    define-properties "^1.2.1"
    es-errors "^1.3.0"
    set-function-name "^2.0.1"

safe-array-concat@^1.1.2:
  version "1.1.2"
  resolved "https://registry.yarnpkg.com/safe-array-concat/-/safe-array-concat-1.1.2.tgz#81d77ee0c4e8b863635227c721278dd524c20edb"
  integrity sha512-vj6RsCsWBCf19jIeHEfkRMw8DPiBb+DMXklQ/1SGDHOMlHdPUkZXFQ2YdplS23zESTijAcurb1aSgJA3AgMu1Q==
  dependencies:
    call-bind "^1.0.7"
    get-intrinsic "^1.2.4"
    has-symbols "^1.0.3"
    isarray "^2.0.5"

safe-regex-test@^1.0.3:
  version "1.0.3"
  resolved "https://registry.yarnpkg.com/safe-regex-test/-/safe-regex-test-1.0.3.tgz#a5b4c0f06e0ab50ea2c395c14d8371232924c377"
  integrity sha512-CdASjNJPvRa7roO6Ra/gLYBTzYzzPyyBXxIMdGW3USQLyjWEls2RgW5UBTXaQVp+OrpeCK3bLem8smtmheoRuw==
  dependencies:
    call-bind "^1.0.6"
    es-errors "^1.3.0"
    is-regex "^1.1.4"

set-function-length@^1.2.1:
  version "1.2.2"
  resolved "https://registry.yarnpkg.com/set-function-length/-/set-function-length-1.2.2.tgz#aac72314198eaed975cf77b2c3b6b880695e5449"
  integrity sha512-pgRc4hJ4/sNjWCSS9AmnS40x3bNMDTknHgL5UaMBTMyJnU90EgWh1Rz+MC9eFu4BuN/UwZjKQuY/1v3rM7HMfg==
  dependencies:
    define-data-property "^1.1.4"
    es-errors "^1.3.0"
    function-bind "^1.1.2"
    get-intrinsic "^1.2.4"
    gopd "^1.0.1"
    has-property-descriptors "^1.0.2"

set-function-name@^2.0.1:
  version "2.0.2"
  resolved "https://registry.yarnpkg.com/set-function-name/-/set-function-name-2.0.2.tgz#16a705c5a0dc2f5e638ca96d8a8cd4e1c2b90985"
  integrity sha512-7PGFlmtwsEADb0WYyvCMa1t+yke6daIG4Wirafur5kcf+MhUnPms1UeR0CKQdTZD81yESwMHbtn+TR+dMviakQ==
  dependencies:
    define-data-property "^1.1.4"
    es-errors "^1.3.0"
    functions-have-names "^1.2.3"
    has-property-descriptors "^1.0.2"

side-channel@^1.0.4:
  version "1.0.6"
  resolved "https://registry.yarnpkg.com/side-channel/-/side-channel-1.0.6.tgz#abd25fb7cd24baf45466406b1096b7831c9215f2"
  integrity sha512-fDW/EZ6Q9RiO8eFG8Hj+7u/oW+XrPTIChwCOM2+th2A6OblDtYYIpve9m+KvI9Z4C9qSEXlaGR6bTEYHReuglA==
  dependencies:
    call-bind "^1.0.7"
    es-errors "^1.3.0"
    get-intrinsic "^1.2.4"
    object-inspect "^1.13.1"

string.prototype.trim@^1.2.9:
  version "1.2.9"
  resolved "https://registry.yarnpkg.com/string.prototype.trim/-/string.prototype.trim-1.2.9.tgz#b6fa326d72d2c78b6df02f7759c73f8f6274faa4"
  integrity sha512-klHuCNxiMZ8MlsOihJhJEBJAiMVqU3Z2nEXWfWnIqjN0gEFS9J9+IxKozWWtQGcgoa1WUZzLjKPTr4ZHNFTFxw==
  dependencies:
    call-bind "^1.0.7"
    define-properties "^1.2.1"
    es-abstract "^1.23.0"
    es-object-atoms "^1.0.0"

string.prototype.trimend@^1.0.8:
  version "1.0.8"
  resolved "https://registry.yarnpkg.com/string.prototype.trimend/-/string.prototype.trimend-1.0.8.tgz#3651b8513719e8a9f48de7f2f77640b26652b229"
  integrity sha512-p73uL5VCHCO2BZZ6krwwQE3kCzM7NKmis8S//xEC6fQonchbum4eP6kR4DLEjQFO3Wnj3Fuo8NM0kOSjVdHjZQ==
  dependencies:
    call-bind "^1.0.7"
    define-properties "^1.2.1"
    es-object-atoms "^1.0.0"

string.prototype.trimstart@^1.0.8:
  version "1.0.8"
  resolved "https://registry.yarnpkg.com/string.prototype.trimstart/-/string.prototype.trimstart-1.0.8.tgz#7ee834dda8c7c17eff3118472bb35bfedaa34dde"
  integrity sha512-UXSH262CSZY1tfu3G3Secr6uGLCFVPMhIqHjlgCUtCCcgihYc/xKs9djMTMUOb2j1mVSeU8EU6NWc/iQKU6Gfg==
  dependencies:
    call-bind "^1.0.7"
    define-properties "^1.2.1"
    es-object-atoms "^1.0.0"

traverse@^0.6.6:
  version "0.6.10"
  resolved "https://registry.yarnpkg.com/traverse/-/traverse-0.6.10.tgz#4c93482381d794dee046882c036f3c4eee481324"
  integrity sha512-hN4uFRxbK+PX56DxYiGHsTn2dME3TVr9vbNqlQGcGcPhJAn+tdP126iA+TArMpI4YSgnTkMWyoLl5bf81Hi5TA==
  dependencies:
    gopd "^1.0.1"
    typedarray.prototype.slice "^1.0.3"
    which-typed-array "^1.1.15"

typed-array-buffer@^1.0.2:
  version "1.0.2"
  resolved "https://registry.yarnpkg.com/typed-array-buffer/-/typed-array-buffer-1.0.2.tgz#1867c5d83b20fcb5ccf32649e5e2fc7424474ff3"
  integrity sha512-gEymJYKZtKXzzBzM4jqa9w6Q1Jjm7x2d+sh19AdsD4wqnMPDYyvwpsIc2Q/835kHuo3BEQ7CjelGhfTsoBb2MQ==
  dependencies:
    call-bind "^1.0.7"
    es-errors "^1.3.0"
    is-typed-array "^1.1.13"

typed-array-byte-length@^1.0.1:
  version "1.0.1"
  resolved "https://registry.yarnpkg.com/typed-array-byte-length/-/typed-array-byte-length-1.0.1.tgz#d92972d3cff99a3fa2e765a28fcdc0f1d89dec67"
  integrity sha512-3iMJ9q0ao7WE9tWcaYKIptkNBuOIcZCCT0d4MRvuuH88fEoEH62IuQe0OtraD3ebQEoTRk8XCBoknUNc1Y67pw==
  dependencies:
    call-bind "^1.0.7"
    for-each "^0.3.3"
    gopd "^1.0.1"
    has-proto "^1.0.3"
    is-typed-array "^1.1.13"

typed-array-byte-offset@^1.0.2:
  version "1.0.2"
  resolved "https://registry.yarnpkg.com/typed-array-byte-offset/-/typed-array-byte-offset-1.0.2.tgz#f9ec1acb9259f395093e4567eb3c28a580d02063"
  integrity sha512-Ous0vodHa56FviZucS2E63zkgtgrACj7omjwd/8lTEMEPFFyjfixMZ1ZXenpgCFBBt4EC1J2XsyVS2gkG0eTFA==
  dependencies:
    available-typed-arrays "^1.0.7"
    call-bind "^1.0.7"
    for-each "^0.3.3"
    gopd "^1.0.1"
    has-proto "^1.0.3"
    is-typed-array "^1.1.13"

typed-array-length@^1.0.6:
  version "1.0.6"
  resolved "https://registry.yarnpkg.com/typed-array-length/-/typed-array-length-1.0.6.tgz#57155207c76e64a3457482dfdc1c9d1d3c4c73a3"
  integrity sha512-/OxDN6OtAk5KBpGb28T+HZc2M+ADtvRxXrKKbUwtsLgdoxgX13hyy7ek6bFRl5+aBs2yZzB0c4CnQfAtVypW/g==
  dependencies:
    call-bind "^1.0.7"
    for-each "^0.3.3"
    gopd "^1.0.1"
    has-proto "^1.0.3"
    is-typed-array "^1.1.13"
    possible-typed-array-names "^1.0.0"

typedarray.prototype.slice@^1.0.3:
  version "1.0.3"
  resolved "https://registry.yarnpkg.com/typedarray.prototype.slice/-/typedarray.prototype.slice-1.0.3.tgz#bce2f685d3279f543239e4d595e0d021731d2d1a"
  integrity sha512-8WbVAQAUlENo1q3c3zZYuy5k9VzBQvp8AX9WOtbvyWlLM1v5JaSRmjubLjzHF4JFtptjH/5c/i95yaElvcjC0A==
  dependencies:
    call-bind "^1.0.7"
    define-properties "^1.2.1"
    es-abstract "^1.23.0"
    es-errors "^1.3.0"
    typed-array-buffer "^1.0.2"
    typed-array-byte-offset "^1.0.2"

unbox-primitive@^1.0.2:
  version "1.0.2"
  resolved "https://registry.yarnpkg.com/unbox-primitive/-/unbox-primitive-1.0.2.tgz#29032021057d5e6cdbd08c5129c226dff8ed6f9e"
  integrity sha512-61pPlCD9h51VoreyJ0BReideM3MDKMKnh6+V9L08331ipq6Q8OFXZYiqP6n/tbHx4s5I9uRhcye6BrbkizkBDw==
  dependencies:
    call-bind "^1.0.2"
    has-bigints "^1.0.2"
    has-symbols "^1.0.3"
    which-boxed-primitive "^1.0.2"

web-streams-polyfill@^4.0.0:
  version "4.0.0"
  resolved "https://registry.yarnpkg.com/web-streams-polyfill/-/web-streams-polyfill-4.0.0.tgz#74cedf168339ee6e709532f76c49313a8c7acdac"
  integrity sha512-0zJXHRAYEjM2tUfZ2DiSOHAa2aw1tisnnhU3ufD57R8iefL+DcdJyRBRyJpG+NUimDgbTI/lH+gAE1PAvV3Cgw==

which-boxed-primitive@^1.0.2:
  version "1.0.2"
  resolved "https://registry.yarnpkg.com/which-boxed-primitive/-/which-boxed-primitive-1.0.2.tgz#13757bc89b209b049fe5d86430e21cf40a89a8e6"
  integrity sha512-bwZdv0AKLpplFY2KZRX6TvyuN7ojjr7lwkg6ml0roIy9YeuSr7JS372qlNW18UQYzgYK9ziGcerWqZOmEn9VNg==
  dependencies:
    is-bigint "^1.0.1"
    is-boolean-object "^1.1.0"
    is-number-object "^1.0.4"
    is-string "^1.0.5"
    is-symbol "^1.0.3"

which-typed-array@^1.1.14, which-typed-array@^1.1.15:
  version "1.1.15"
  resolved "https://registry.yarnpkg.com/which-typed-array/-/which-typed-array-1.1.15.tgz#264859e9b11a649b388bfaaf4f767df1f779b38d"
  integrity sha512-oV0jmFtUky6CXfkqehVvBP/LSWJ2sy4vWMioiENyJLePrBO/yKyV9OyJySfAKosh+RYkIl5zJCNZ8/4JncrpdA==
  dependencies:
    available-typed-arrays "^1.0.7"
    call-bind "^1.0.7"
    for-each "^0.3.3"
    gopd "^1.0.1"
    has-tostringtag "^1.0.2"
