# Generated by buf. DO NOT EDIT.
version: v1
deps:
  - remote: buf.build
    owner: envoyproxy
    repository: protoc-gen-validate
    commit: 6607b10f00ed4a3d98f906807131c44a
    digest: shake256:acc7b2ededb2f88d296862943a003b157bdb68ec93ed13dcd8566b2d06e47993ea6daf12013b9655658aaf6bbdb141cf65bfe400ce2870f4654b0a5b45e57c09
  - remote: buf.build
    owner: googleapis
    repository: googleapis
    commit: 711e289f6a384c4caeebaff7c6931ade
    digest: shake256:e08fb55dad7469f69df00304eed31427d2d1576e9aab31e6bf86642688e04caaf0372f15fe6974cf79432779a635b3ea401ca69c943976dc42749524e4c25d94
  - remote: buf.build
    owner: grpc-ecosystem
    repository: grpc-gateway
    commit: fed2dcdcfd694403ad51cd3c94957830
    digest: shake256:ed076a21e3d772892fc465ced0e4dd50f9dba86fdd4473920eaa25efa4807644e8e021be423dcfcee74bf4242e7e57422393f9b1abb10acb18ea1a5df509bb19
  - remote: buf.build
    owner: thethingsindustries
    repository: protoc-gen-go-flags
    commit: 52b4cd8b18524e84bb482a76c8cbc40d
    digest: shake256:7f437ce3569ccf3a4c47595fc89d3ecc8061cbddef425c96ccff76e72ff30348fc606744da0f28a220889c39cb1317aef3a1683e37f73f1168e3a8972952808b
  - remote: buf.build
    owner: thethingsindustries
    repository: protoc-gen-go-json
    commit: a58d3aa4ec3e404b842caf703697a2ad
    digest: shake256:1a6505d210fe2437eef5a11c0cf6a4b49ef98239eea06a00ae3189fcbbfa04aa968282881f5375a28d6f09350cc9de596b068a34c27529aac642a575fe5f6e82
